<?xml version="1.0" encoding="utf-8"?>
<Project ToolsVersion="4.0" xmlns="http://schemas.microsoft.com/developer/msbuild/2003">
  <ItemGroup>
    <Filter Include="Source Files">
      <UniqueIdentifier>{4FC737F1-C7A5-4376-A066-2A32D752A2FF}</UniqueIdentifier>
      <Extensions>cpp;c;cc;cxx;c++;cppm;ixx;def;odl;idl;hpj;bat;asm;asmx</Extensions>
    </Filter>
    <Filter Include="Header Files">
      <UniqueIdentifier>{93995380-89BD-4b04-88EB-625FBE52EBFB}</UniqueIdentifier>
      <Extensions>h;hh;hpp;hxx;h++;hm;inl;inc;ipp;xsd</Extensions>
    </Filter>
    <Filter Include="Resource Files">
      <UniqueIdentifier>{67DA6AB6-F800-4c08-8B7A-83BB121AAD01}</UniqueIdentifier>
      <Extensions>rc;ico;cur;bmp;dlg;rc2;rct;bin;rgs;gif;jpg;jpeg;jpe;resx;tiff;tif;png;wav;mfcribbon-ms</Extensions>
    </Filter>
    <Filter Include="Resource Files\resources">
      <UniqueIdentifier>{21c99d44-d17b-498a-9127-1c8bbec20dd8}</UniqueIdentifier>
    </Filter>
    <Filter Include="Resource Files\resources\textures">
      <UniqueIdentifier>{de807dc9-a825-4b9d-a3ec-19add3efef87}</UniqueIdentifier>
    </Filter>
  </ItemGroup>
  <ItemGroup>
    <ClInclude Include="Header.h">
      <Filter>Header Files</Filter>
    </ClInclude>
  </ItemGroup>
  <ItemGroup>
    <ClCompile Include="Bonuses.cpp">
      <Filter>Source Files</Filter>
    </ClCompile>
    <ClCompile Include="FieldManager.cpp">
      <Filter>Source Files</Filter>
    </ClCompile>
    <ClCompile Include="FieldRender.cpp">
      <Filter>Source Files</Filter>
    </ClCompile>
    <ClCompile Include="Gem.cpp">
      <Filter>Source Files</Filter>
    </ClCompile>
    <ClCompile Include="main.cpp">
      <Filter>Source Files</Filter>
    </ClCompile>
    <ClCompile Include="UI.cpp">
      <Filter>Source Files</Filter>
    </ClCompile>
  </ItemGroup>
  <ItemGroup>
    <Image Include="resourses\textures\blaze_powder.png">
      <Filter>Resource Files\resources\textures</Filter>
    </Image>
    <Image Include="resourses\textures\coal.png">
      <Filter>Resource Files\resources\textures</Filter>
    </Image>
    <Image Include="resourses\textures\DeathScreen.png">
      <Filter>Resource Files\resources\textures</Filter>
    </Image>
    <Image Include="resourses\textures\diamond.png">
      <Filter>Resource Files\resources\textures</Filter>
    </Image>
    <Image Include="resourses\textures\diamond1.png">
      <Filter>Resource Files\resources\textures</Filter>
    </Image>
    <Image Include="resourses\textures\end_crystal.png">
      <Filter>Resource Files\resources\textures</Filter>
    </Image>
    <Image Include="resourses\textures\ender_pearl.png">
      <Filter>Resource Files\resources\textures</Filter>
    </Image>
    <Image Include="resourses\textures\extra_points.png">
      <Filter>Resource Files\resources\textures</Filter>
    </Image>
    <Image Include="resourses\textures\fireball.png">
      <Filter>Resource Files\resources\textures</Filter>
    </Image>
    <Image Include="resourses\textures\glowstone.png">
      <Filter>Resource Files\resources\textures</Filter>
    </Image>
    <Image Include="resourses\textures\gold.png">
      <Filter>Resource Files\resources\textures</Filter>
    </Image>
    <Image Include="resourses\textures\gold_nugget.png">
      <Filter>Resource Files\resources\textures</Filter>
    </Image>
    <Image Include="resourses\textures\iron.png">
      <Filter>Resource Files\resources\textures</Filter>
    </Image>
    <Image Include="resourses\textures\iron_nugget.png">
      <Filter>Resource Files\resources\textures</Filter>
    </Image>
    <Image Include="resourses\textures\magma.png">
      <Filter>Resource Files\resources\textures</Filter>
    </Image>
    <Image Include="resourses\textures\MainMenu.png">
      <Filter>Resource Files\resources\textures</Filter>
    </Image>
    <Image Include="resourses\textures\obsidian.png">
      <Filter>Resource Files\resources\textures</Filter>
    </Image>
    <Image Include="resourses\textures\redstone.png">
      <Filter>Resource Files\resources\textures</Filter>
    </Image>
    <Image Include="resourses\textures\wallpaper2.png">
      <Filter>Resource Files\resources\textures</Filter>
    </Image>
    <Image Include="resourses\textures\workbench.png">
      <Filter>Resource Files\resources\textures</Filter>
    </Image>
  </ItemGroup>
  <ItemGroup>
    <Font Include="resourses\Minecraft_Font.ttf">
      <Filter>Resource Files\resources</Filter>
    </Font>
  </ItemGroup>
</Project>